
Microsoft Visual Studio Solution File, Format Version 12.00
# Visual Studio Version 17
VisualStudioVersion = 17.12.35527.113 d17.12
MinimumVisualStudioVersion = 10.0.40219.1
Project("{FAE04EC0-301F-11D3-BF4B-00C04F79EFBC}") = "Entitiy", "Entitiy\Entitiy.csproj", "{1F972EB2-EDF1-4CFD-90F0-173CD3C08FE9}"
EndProject
Project("{FAE04EC0-301F-11D3-BF4B-00C04F79EFBC}") = "Bussiness", "Bussiness\Bussiness.csproj", "{9078B904-B3D5-411D-A2C2-84344BA3D509}"
EndProject
Project("{FAE04EC0-301F-11D3-BF4B-00C04F79EFBC}") = "DataAccess", "DataAccess\DataAccess.csproj", "{74B904B6-F377-450B-9555-5E0734CF28E1}"
EndProject
Project("{FAE04EC0-301F-11D3-BF4B-00C04F79EFBC}") = "bysAPI", "bysAPI\bysAPI.csproj", "{AC36AD59-9156-4158-806D-13FCDFC38213}"
EndProject
Global
	GlobalSection(SolutionConfigurationPlatforms) = preSolution
		Debug|Any CPU = Debug|Any CPU
		Release|Any CPU = Release|Any CPU
	EndGlobalSection
	GlobalSection(ProjectConfigurationPlatforms) = postSolution
		{1F972EB2-EDF1-4CFD-90F0-173CD3C08FE9}.Debug|Any CPU.ActiveCfg = Debug|Any CPU
		{1F972EB2-EDF1-4CFD-90F0-173CD3C08FE9}.Debug|Any CPU.Build.0 = Debug|Any CPU
		{1F972EB2-EDF1-4CFD-90F0-173CD3C08FE9}.Release|Any CPU.ActiveCfg = Release|Any CPU
		{1F972EB2-EDF1-4CFD-90F0-173CD3C08FE9}.Release|Any CPU.Build.0 = Release|Any CPU
		{9078B904-B3D5-411D-A2C2-84344BA3D509}.Debug|Any CPU.ActiveCfg = Debug|Any CPU
		{9078B904-B3D5-411D-A2C2-84344BA3D509}.Debug|Any CPU.Build.0 = Debug|Any CPU
		{9078B904-B3D5-411D-A2C2-84344BA3D509}.Release|Any CPU.ActiveCfg = Release|Any CPU
		{9078B904-B3D5-411D-A2C2-84344BA3D509}.Release|Any CPU.Build.0 = Release|Any CPU
		{74B904B6-F377-450B-9555-5E0734CF28E1}.Debug|Any CPU.ActiveCfg = Debug|Any CPU
		{74B904B6-F377-450B-9555-5E0734CF28E1}.Debug|Any CPU.Build.0 = Debug|Any CPU
		{74B904B6-F377-450B-9555-5E0734CF28E1}.Release|Any CPU.ActiveCfg = Release|Any CPU
		{74B904B6-F377-450B-9555-5E0734CF28E1}.Release|Any CPU.Build.0 = Release|Any CPU
		{AC36AD59-9156-4158-806D-13FCDFC38213}.Debug|Any CPU.ActiveCfg = Debug|Any CPU
		{AC36AD59-9156-4158-806D-13FCDFC38213}.Debug|Any CPU.Build.0 = Debug|Any CPU
		{AC36AD59-9156-4158-806D-13FCDFC38213}.Release|Any CPU.ActiveCfg = Release|Any CPU
		{AC36AD59-9156-4158-806D-13FCDFC38213}.Release|Any CPU.Build.0 = Release|Any CPU
	EndGlobalSection
	GlobalSection(SolutionProperties) = preSolution
		HideSolutionNode = FALSE
	EndGlobalSection
EndGlobal
